
Microsoft Visual Studio Solution File, Format Version 12.00
# Visual Studio Version 17
VisualStudioVersion = 17.0.31919.166
MinimumVisualStudioVersion = 10.0.40219.1
Project("{9A19103F-16F7-4668-BE54-9A1E7A4F7556}") = "LyricsCalculator", "LyricsCalculator.csproj", "{3413B83E-F87C-4AE9-B73A-98FEB0CD6130}"
EndProject
Global
	GlobalSection(SolutionConfigurationPlatforms) = preSolution
		Debug|Any CPU = Debug|Any CPU
		Release|Any CPU = Release|Any CPU
	EndGlobalSection
	GlobalSection(ProjectConfigurationPlatforms) = postSolution
		{3413B83E-F87C-4AE9-B73A-98FEB0CD6130}.Debug|Any CPU.ActiveCfg = Debug|Any CPU
		{3413B83E-F87C-4AE9-B73A-98FEB0CD6130}.Debug|Any CPU.Build.0 = Debug|Any CPU
		{3413B83E-F87C-4AE9-B73A-98FEB0CD6130}.Release|Any CPU.ActiveCfg = Release|Any CPU
		{3413B83E-F87C-4AE9-B73A-98FEB0CD6130}.Release|Any CPU.Build.0 = Release|Any CPU
	EndGlobalSection
	GlobalSection(SolutionProperties) = preSolution
		HideSolutionNode = FALSE
	EndGlobalSection
	GlobalSection(ExtensibilityGlobals) = postSolution
		SolutionGuid = {3AFA8F1A-9215-408D-9302-A77018ED7D8E}
	EndGlobalSection
EndGlobal
